
Microsoft Visual Studio Solution File, Format Version 12.00
# Visual Studio Version 17
VisualStudioVersion = 17.0.31825.309
MinimumVisualStudioVersion = 10.0.40219.1
Project("{FAE04EC0-301F-11D3-BF4B-00C04F79EFBC}") = "BlockWars Fabric Installer", "BlockWars Fabric Installer.csproj", "{6041705A-E2F8-4A9F-A133-E8913E0C3B0E}"
EndProject
Global
	GlobalSection(SolutionConfigurationPlatforms) = preSolution
		Debug|Any CPU = Debug|Any CPU
		Release|Any CPU = Release|Any CPU
	EndGlobalSection
	GlobalSection(ProjectConfigurationPlatforms) = postSolution
		{6041705A-E2F8-4A9F-A133-E8913E0C3B0E}.Debug|Any CPU.ActiveCfg = Debug|Any CPU
		{6041705A-E2F8-4A9F-A133-E8913E0C3B0E}.Debug|Any CPU.Build.0 = Debug|Any CPU
		{6041705A-E2F8-4A9F-A133-E8913E0C3B0E}.Release|Any CPU.ActiveCfg = Release|Any CPU
		{6041705A-E2F8-4A9F-A133-E8913E0C3B0E}.Release|Any CPU.Build.0 = Release|Any CPU
	EndGlobalSection
	GlobalSection(SolutionProperties) = preSolution
		HideSolutionNode = FALSE
	EndGlobalSection
	GlobalSection(ExtensibilityGlobals) = postSolution
		SolutionGuid = {4CB66DFE-A96E-4BB1-9774-8F1F4B084537}
	EndGlobalSection
EndGlobal
